
Microsoft Visual Studio Solution File, Format Version 12.00
Project("{2150E333-8FDC-42A3-9474-1A3956D46DE8}") = "src", "src", "{4C4F5079-E40E-472F-BE60-36EFC7BC32E5}"
EndProject
Project("{2150E333-8FDC-42A3-9474-1A3956D46DE8}") = "Application", "Application", "{5B8BFA07-3D96-40B4-8187-E7CF0242662A}"
EndProject
Project("{2150E333-8FDC-42A3-9474-1A3956D46DE8}") = "Infrastructure", "Infrastructure", "{74ED16EF-C5CA-4836-8A44-88A2CD6EA4E9}"
EndProject
Project("{2150E333-8FDC-42A3-9474-1A3956D46DE8}") = "Presentation", "Presentation", "{FA224969-2773-4618-AD8C-E66237CBBCAA}"
EndProject
Project("{FAE04EC0-301F-11D3-BF4B-00C04F79EFBC}") = "Application.Infrastructure.DataAccess", "src\Application.Infrastructure.DataAccess\Application.Infrastructure.DataAccess.csproj", "{79B906A6-FB02-46DF-817E-1C9D50EC7A2E}"
EndProject
Project("{FAE04EC0-301F-11D3-BF4B-00C04F79EFBC}") = "Application.Models", "src\Application\Application.Models\Application.Models.csproj", "{ADC11FEE-555B-4ABF-A71D-7E03C3840F71}"
EndProject
Project("{FAE04EC0-301F-11D3-BF4B-00C04F79EFBC}") = "Application.Contracts", "src\Application\Application.Contracts\Application.Contracts.csproj", "{7C4D2D83-50AF-4ED5-BB95-A92487B6F485}"
EndProject
Project("{FAE04EC0-301F-11D3-BF4B-00C04F79EFBC}") = "Applications.Mapping", "src\Application\Applications.Mapping\Applications.Mapping.csproj", "{92F36718-61B2-4713-8E9E-08A8DBCA6A5F}"
EndProject
Project("{FAE04EC0-301F-11D3-BF4B-00C04F79EFBC}") = "ConferenceApplicationService.Application", "src\Application\ConferenceApplicationService.Application\ConferenceApplicationService.Application.csproj", "{403B35AF-76FA-4FAC-B42B-E938B959D05A}"
EndProject
Project("{FAE04EC0-301F-11D3-BF4B-00C04F79EFBC}") = "ConferenceApplicationSystem", "src\ConferenceApplicationSystem\ConferenceApplicationSystem.csproj", "{8ACFE9DA-B15B-452A-BD50-135159DF0C72}"
EndProject
Project("{2150E333-8FDC-42A3-9474-1A3956D46DE8}") = "src2", "src2", "{A89B6769-44F0-42F2-B2C2-9532C256FA8E}"
EndProject
Project("{FAE04EC0-301F-11D3-BF4B-00C04F79EFBC}") = "ApplicationsService.Domain", "..\ConferenceApplicationServiceApi\ApplicationsService.Domain\ApplicationsService.Domain.csproj", "{2133F209-D61F-4D00-863B-61A51E1A08BA}"
EndProject
Project("{FAE04EC0-301F-11D3-BF4B-00C04F79EFBC}") = "ApplicationsService.Infrastructure", "..\ConferenceApplicationServiceApi\ApplicationsService.Infrastructure\ApplicationsService.Infrastructure.csproj", "{230B9685-529C-4C18-8AA5-29AA08B5BA49}"
EndProject
Project("{FAE04EC0-301F-11D3-BF4B-00C04F79EFBC}") = "ConferenceApplicationService.Abstractions", "..\ConferenceApplicationServiceApi\ConferenceApplicationService.Abstractions\ConferenceApplicationService.Abstractions.csproj", "{3F66A1E3-6C88-494C-B230-BF08A054CF61}"
EndProject
Project("{FAE04EC0-301F-11D3-BF4B-00C04F79EFBC}") = "ConferenceApplicationService.Api", "..\ConferenceApplicationServiceApi\ConferenceApplicationService.Api\ConferenceApplicationService.Api.csproj", "{6500E24A-5D7C-4528-A287-A0320173D19A}"
EndProject
Project("{FAE04EC0-301F-11D3-BF4B-00C04F79EFBC}") = "ConferenceApplicationService.Application", "..\ConferenceApplicationServiceApi\ConferenceApplicationService.Application\ConferenceApplicationService.Application.csproj", "{496976CC-C0BD-44C7-8C97-44A1700779C5}"
EndProject
Project("{FAE04EC0-301F-11D3-BF4B-00C04F79EFBC}") = "ConferenceApplicationService.Shared", "..\ConferenceApplicationServiceApi\ConferenceApplicationService.Shared\ConferenceApplicationService.Shared.csproj", "{C9FEC468-53E2-4766-900C-6797D08A9281}"
EndProject
Global
	GlobalSection(SolutionConfigurationPlatforms) = preSolution
		Debug|Any CPU = Debug|Any CPU
		Release|Any CPU = Release|Any CPU
	EndGlobalSection
	GlobalSection(ProjectConfigurationPlatforms) = postSolution
		{79B906A6-FB02-46DF-817E-1C9D50EC7A2E}.Debug|Any CPU.ActiveCfg = Debug|Any CPU
		{79B906A6-FB02-46DF-817E-1C9D50EC7A2E}.Debug|Any CPU.Build.0 = Debug|Any CPU
		{79B906A6-FB02-46DF-817E-1C9D50EC7A2E}.Release|Any CPU.ActiveCfg = Release|Any CPU
		{79B906A6-FB02-46DF-817E-1C9D50EC7A2E}.Release|Any CPU.Build.0 = Release|Any CPU
		{ADC11FEE-555B-4ABF-A71D-7E03C3840F71}.Debug|Any CPU.ActiveCfg = Debug|Any CPU
		{ADC11FEE-555B-4ABF-A71D-7E03C3840F71}.Debug|Any CPU.Build.0 = Debug|Any CPU
		{ADC11FEE-555B-4ABF-A71D-7E03C3840F71}.Release|Any CPU.ActiveCfg = Release|Any CPU
		{ADC11FEE-555B-4ABF-A71D-7E03C3840F71}.Release|Any CPU.Build.0 = Release|Any CPU
		{7C4D2D83-50AF-4ED5-BB95-A92487B6F485}.Debug|Any CPU.ActiveCfg = Debug|Any CPU
		{7C4D2D83-50AF-4ED5-BB95-A92487B6F485}.Debug|Any CPU.Build.0 = Debug|Any CPU
		{7C4D2D83-50AF-4ED5-BB95-A92487B6F485}.Release|Any CPU.ActiveCfg = Release|Any CPU
		{7C4D2D83-50AF-4ED5-BB95-A92487B6F485}.Release|Any CPU.Build.0 = Release|Any CPU
		{92F36718-61B2-4713-8E9E-08A8DBCA6A5F}.Debug|Any CPU.ActiveCfg = Debug|Any CPU
		{92F36718-61B2-4713-8E9E-08A8DBCA6A5F}.Debug|Any CPU.Build.0 = Debug|Any CPU
		{92F36718-61B2-4713-8E9E-08A8DBCA6A5F}.Release|Any CPU.ActiveCfg = Release|Any CPU
		{92F36718-61B2-4713-8E9E-08A8DBCA6A5F}.Release|Any CPU.Build.0 = Release|Any CPU
		{403B35AF-76FA-4FAC-B42B-E938B959D05A}.Debug|Any CPU.ActiveCfg = Debug|Any CPU
		{403B35AF-76FA-4FAC-B42B-E938B959D05A}.Debug|Any CPU.Build.0 = Debug|Any CPU
		{403B35AF-76FA-4FAC-B42B-E938B959D05A}.Release|Any CPU.ActiveCfg = Release|Any CPU
		{403B35AF-76FA-4FAC-B42B-E938B959D05A}.Release|Any CPU.Build.0 = Release|Any CPU
		{8ACFE9DA-B15B-452A-BD50-135159DF0C72}.Debug|Any CPU.ActiveCfg = Debug|Any CPU
		{8ACFE9DA-B15B-452A-BD50-135159DF0C72}.Debug|Any CPU.Build.0 = Debug|Any CPU
		{8ACFE9DA-B15B-452A-BD50-135159DF0C72}.Release|Any CPU.ActiveCfg = Release|Any CPU
		{8ACFE9DA-B15B-452A-BD50-135159DF0C72}.Release|Any CPU.Build.0 = Release|Any CPU
		{2133F209-D61F-4D00-863B-61A51E1A08BA}.Debug|Any CPU.ActiveCfg = Debug|Any CPU
		{2133F209-D61F-4D00-863B-61A51E1A08BA}.Debug|Any CPU.Build.0 = Debug|Any CPU
		{2133F209-D61F-4D00-863B-61A51E1A08BA}.Release|Any CPU.ActiveCfg = Release|Any CPU
		{2133F209-D61F-4D00-863B-61A51E1A08BA}.Release|Any CPU.Build.0 = Release|Any CPU
		{230B9685-529C-4C18-8AA5-29AA08B5BA49}.Debug|Any CPU.ActiveCfg = Debug|Any CPU
		{230B9685-529C-4C18-8AA5-29AA08B5BA49}.Debug|Any CPU.Build.0 = Debug|Any CPU
		{230B9685-529C-4C18-8AA5-29AA08B5BA49}.Release|Any CPU.ActiveCfg = Release|Any CPU
		{230B9685-529C-4C18-8AA5-29AA08B5BA49}.Release|Any CPU.Build.0 = Release|Any CPU
		{3F66A1E3-6C88-494C-B230-BF08A054CF61}.Debug|Any CPU.ActiveCfg = Debug|Any CPU
		{3F66A1E3-6C88-494C-B230-BF08A054CF61}.Debug|Any CPU.Build.0 = Debug|Any CPU
		{3F66A1E3-6C88-494C-B230-BF08A054CF61}.Release|Any CPU.ActiveCfg = Release|Any CPU
		{3F66A1E3-6C88-494C-B230-BF08A054CF61}.Release|Any CPU.Build.0 = Release|Any CPU
		{6500E24A-5D7C-4528-A287-A0320173D19A}.Debug|Any CPU.ActiveCfg = Debug|Any CPU
		{6500E24A-5D7C-4528-A287-A0320173D19A}.Debug|Any CPU.Build.0 = Debug|Any CPU
		{6500E24A-5D7C-4528-A287-A0320173D19A}.Release|Any CPU.ActiveCfg = Release|Any CPU
		{6500E24A-5D7C-4528-A287-A0320173D19A}.Release|Any CPU.Build.0 = Release|Any CPU
		{496976CC-C0BD-44C7-8C97-44A1700779C5}.Debug|Any CPU.ActiveCfg = Debug|Any CPU
		{496976CC-C0BD-44C7-8C97-44A1700779C5}.Debug|Any CPU.Build.0 = Debug|Any CPU
		{496976CC-C0BD-44C7-8C97-44A1700779C5}.Release|Any CPU.ActiveCfg = Release|Any CPU
		{496976CC-C0BD-44C7-8C97-44A1700779C5}.Release|Any CPU.Build.0 = Release|Any CPU
		{C9FEC468-53E2-4766-900C-6797D08A9281}.Debug|Any CPU.ActiveCfg = Debug|Any CPU
		{C9FEC468-53E2-4766-900C-6797D08A9281}.Debug|Any CPU.Build.0 = Debug|Any CPU
		{C9FEC468-53E2-4766-900C-6797D08A9281}.Release|Any CPU.ActiveCfg = Release|Any CPU
		{C9FEC468-53E2-4766-900C-6797D08A9281}.Release|Any CPU.Build.0 = Release|Any CPU
	EndGlobalSection
	GlobalSection(NestedProjects) = preSolution
		{5B8BFA07-3D96-40B4-8187-E7CF0242662A} = {4C4F5079-E40E-472F-BE60-36EFC7BC32E5}
		{74ED16EF-C5CA-4836-8A44-88A2CD6EA4E9} = {4C4F5079-E40E-472F-BE60-36EFC7BC32E5}
		{FA224969-2773-4618-AD8C-E66237CBBCAA} = {4C4F5079-E40E-472F-BE60-36EFC7BC32E5}
		{79B906A6-FB02-46DF-817E-1C9D50EC7A2E} = {74ED16EF-C5CA-4836-8A44-88A2CD6EA4E9}
		{ADC11FEE-555B-4ABF-A71D-7E03C3840F71} = {5B8BFA07-3D96-40B4-8187-E7CF0242662A}
		{7C4D2D83-50AF-4ED5-BB95-A92487B6F485} = {5B8BFA07-3D96-40B4-8187-E7CF0242662A}
		{92F36718-61B2-4713-8E9E-08A8DBCA6A5F} = {5B8BFA07-3D96-40B4-8187-E7CF0242662A}
		{403B35AF-76FA-4FAC-B42B-E938B959D05A} = {5B8BFA07-3D96-40B4-8187-E7CF0242662A}
		{8ACFE9DA-B15B-452A-BD50-135159DF0C72} = {FA224969-2773-4618-AD8C-E66237CBBCAA}
		{2133F209-D61F-4D00-863B-61A51E1A08BA} = {A89B6769-44F0-42F2-B2C2-9532C256FA8E}
		{230B9685-529C-4C18-8AA5-29AA08B5BA49} = {A89B6769-44F0-42F2-B2C2-9532C256FA8E}
		{3F66A1E3-6C88-494C-B230-BF08A054CF61} = {A89B6769-44F0-42F2-B2C2-9532C256FA8E}
		{6500E24A-5D7C-4528-A287-A0320173D19A} = {A89B6769-44F0-42F2-B2C2-9532C256FA8E}
		{496976CC-C0BD-44C7-8C97-44A1700779C5} = {A89B6769-44F0-42F2-B2C2-9532C256FA8E}
		{C9FEC468-53E2-4766-900C-6797D08A9281} = {A89B6769-44F0-42F2-B2C2-9532C256FA8E}
		{A89B6769-44F0-42F2-B2C2-9532C256FA8E} = {4C4F5079-E40E-472F-BE60-36EFC7BC32E5}
	EndGlobalSection
EndGlobal
